
Microsoft Visual Studio Solution File, Format Version 11.00
# Visual Studio 2010
Project("{FAE04EC0-301F-11D3-BF4B-00C04F79EFBC}") = "FoldIt", "FoldIt\FoldIt\FoldIt.csproj", "{C8160CC8-3B9C-4E41-9EEB-5FA135108736}"
EndProject
Project("{96E2B04D-8817-42C6-938A-82C39BA4D311}") = "FoldItContent", "FoldIt\FoldItContent\FoldItContent.contentproj", "{C447D904-7993-4B59-9428-07C88CA74E96}"
EndProject
Global
	GlobalSection(SolutionConfigurationPlatforms) = preSolution
		Debug|x86 = Debug|x86
		Release|x86 = Release|x86
	EndGlobalSection
	GlobalSection(ProjectConfigurationPlatforms) = postSolution
		{C8160CC8-3B9C-4E41-9EEB-5FA135108736}.Debug|x86.ActiveCfg = Debug|x86
		{C8160CC8-3B9C-4E41-9EEB-5FA135108736}.Debug|x86.Build.0 = Debug|x86
		{C8160CC8-3B9C-4E41-9EEB-5FA135108736}.Release|x86.ActiveCfg = Release|x86
		{C8160CC8-3B9C-4E41-9EEB-5FA135108736}.Release|x86.Build.0 = Release|x86
		{C447D904-7993-4B59-9428-07C88CA74E96}.Debug|x86.ActiveCfg = Debug|x86
		{C447D904-7993-4B59-9428-07C88CA74E96}.Release|x86.ActiveCfg = Release|x86
	EndGlobalSection
	GlobalSection(SolutionProperties) = preSolution
		HideSolutionNode = FALSE
	EndGlobalSection
EndGlobal
